
Microsoft Visual Studio Solution File, Format Version 12.00
# Visual Studio Version 17
VisualStudioVersion = 17.2.32630.192
MinimumVisualStudioVersion = 10.0.40219.1
Project("{FAE04EC0-301F-11D3-BF4B-00C04F79EFBC}") = "LogisticForStudent.Android", "LogisticForStudent.Android\LogisticForStudent.Android.csproj", "{CA4C5D56-185B-4786-A918-627C6C80A708}"
EndProject
Project("{FAE04EC0-301F-11D3-BF4B-00C04F79EFBC}") = "LogisticForStudent.iOS", "LogisticForStudent.iOS\LogisticForStudent.iOS.csproj", "{518826EB-B046-4AF3-B982-1E4D2DA5314F}"
EndProject
Project("{FAE04EC0-301F-11D3-BF4B-00C04F79EFBC}") = "LogisticForStudent", "LogisticForStudent\LogisticForStudent.csproj", "{54F3494E-7DC0-4348-AB51-513A9A0FD8CF}"
EndProject
Global
	GlobalSection(SolutionConfigurationPlatforms) = preSolution
		Debug|Any CPU = Debug|Any CPU
		Debug|iPhone = Debug|iPhone
		Debug|iPhoneSimulator = Debug|iPhoneSimulator
		Release|Any CPU = Release|Any CPU
		Release|iPhone = Release|iPhone
		Release|iPhoneSimulator = Release|iPhoneSimulator
	EndGlobalSection
	GlobalSection(ProjectConfigurationPlatforms) = postSolution
		{CA4C5D56-185B-4786-A918-627C6C80A708}.Debug|Any CPU.ActiveCfg = Debug|Any CPU
		{CA4C5D56-185B-4786-A918-627C6C80A708}.Debug|Any CPU.Build.0 = Debug|Any CPU
		{CA4C5D56-185B-4786-A918-627C6C80A708}.Debug|Any CPU.Deploy.0 = Debug|Any CPU
		{CA4C5D56-185B-4786-A918-627C6C80A708}.Debug|iPhone.ActiveCfg = Debug|Any CPU
		{CA4C5D56-185B-4786-A918-627C6C80A708}.Debug|iPhone.Build.0 = Debug|Any CPU
		{CA4C5D56-185B-4786-A918-627C6C80A708}.Debug|iPhone.Deploy.0 = Debug|Any CPU
		{CA4C5D56-185B-4786-A918-627C6C80A708}.Debug|iPhoneSimulator.ActiveCfg = Debug|Any CPU
		{CA4C5D56-185B-4786-A918-627C6C80A708}.Debug|iPhoneSimulator.Build.0 = Debug|Any CPU
		{CA4C5D56-185B-4786-A918-627C6C80A708}.Debug|iPhoneSimulator.Deploy.0 = Debug|Any CPU
		{CA4C5D56-185B-4786-A918-627C6C80A708}.Release|Any CPU.ActiveCfg = Release|Any CPU
		{CA4C5D56-185B-4786-A918-627C6C80A708}.Release|Any CPU.Build.0 = Release|Any CPU
		{CA4C5D56-185B-4786-A918-627C6C80A708}.Release|Any CPU.Deploy.0 = Release|Any CPU
		{CA4C5D56-185B-4786-A918-627C6C80A708}.Release|iPhone.ActiveCfg = Release|Any CPU
		{CA4C5D56-185B-4786-A918-627C6C80A708}.Release|iPhone.Build.0 = Release|Any CPU
		{CA4C5D56-185B-4786-A918-627C6C80A708}.Release|iPhone.Deploy.0 = Release|Any CPU
		{CA4C5D56-185B-4786-A918-627C6C80A708}.Release|iPhoneSimulator.ActiveCfg = Release|Any CPU
		{CA4C5D56-185B-4786-A918-627C6C80A708}.Release|iPhoneSimulator.Build.0 = Release|Any CPU
		{CA4C5D56-185B-4786-A918-627C6C80A708}.Release|iPhoneSimulator.Deploy.0 = Release|Any CPU
		{518826EB-B046-4AF3-B982-1E4D2DA5314F}.Debug|Any CPU.ActiveCfg = Debug|iPhone
		{518826EB-B046-4AF3-B982-1E4D2DA5314F}.Debug|Any CPU.Build.0 = Debug|iPhone
		{518826EB-B046-4AF3-B982-1E4D2DA5314F}.Debug|Any CPU.Deploy.0 = Debug|iPhone
		{518826EB-B046-4AF3-B982-1E4D2DA5314F}.Debug|iPhone.ActiveCfg = Debug|iPhone
		{518826EB-B046-4AF3-B982-1E4D2DA5314F}.Debug|iPhone.Build.0 = Debug|iPhone
		{518826EB-B046-4AF3-B982-1E4D2DA5314F}.Debug|iPhone.Deploy.0 = Debug|iPhone
		{518826EB-B046-4AF3-B982-1E4D2DA5314F}.Debug|iPhoneSimulator.ActiveCfg = Debug|iPhoneSimulator
		{518826EB-B046-4AF3-B982-1E4D2DA5314F}.Debug|iPhoneSimulator.Build.0 = Debug|iPhoneSimulator
		{518826EB-B046-4AF3-B982-1E4D2DA5314F}.Debug|iPhoneSimulator.Deploy.0 = Debug|iPhoneSimulator
		{518826EB-B046-4AF3-B982-1E4D2DA5314F}.Release|Any CPU.ActiveCfg = Release|iPhoneSimulator
		{518826EB-B046-4AF3-B982-1E4D2DA5314F}.Release|Any CPU.Build.0 = Release|iPhoneSimulator
		{518826EB-B046-4AF3-B982-1E4D2DA5314F}.Release|Any CPU.Deploy.0 = Release|iPhoneSimulator
		{518826EB-B046-4AF3-B982-1E4D2DA5314F}.Release|iPhone.ActiveCfg = Release|iPhone
		{518826EB-B046-4AF3-B982-1E4D2DA5314F}.Release|iPhone.Build.0 = Release|iPhone
		{518826EB-B046-4AF3-B982-1E4D2DA5314F}.Release|iPhone.Deploy.0 = Release|iPhone
		{518826EB-B046-4AF3-B982-1E4D2DA5314F}.Release|iPhoneSimulator.ActiveCfg = Release|iPhoneSimulator
		{518826EB-B046-4AF3-B982-1E4D2DA5314F}.Release|iPhoneSimulator.Build.0 = Release|iPhoneSimulator
		{518826EB-B046-4AF3-B982-1E4D2DA5314F}.Release|iPhoneSimulator.Deploy.0 = Release|iPhoneSimulator
		{54F3494E-7DC0-4348-AB51-513A9A0FD8CF}.Debug|Any CPU.ActiveCfg = Debug|Any CPU
		{54F3494E-7DC0-4348-AB51-513A9A0FD8CF}.Debug|Any CPU.Build.0 = Debug|Any CPU
		{54F3494E-7DC0-4348-AB51-513A9A0FD8CF}.Debug|Any CPU.Deploy.0 = Debug|Any CPU
		{54F3494E-7DC0-4348-AB51-513A9A0FD8CF}.Debug|iPhone.ActiveCfg = Debug|Any CPU
		{54F3494E-7DC0-4348-AB51-513A9A0FD8CF}.Debug|iPhone.Build.0 = Debug|Any CPU
		{54F3494E-7DC0-4348-AB51-513A9A0FD8CF}.Debug|iPhone.Deploy.0 = Debug|Any CPU
		{54F3494E-7DC0-4348-AB51-513A9A0FD8CF}.Debug|iPhoneSimulator.ActiveCfg = Debug|Any CPU
		{54F3494E-7DC0-4348-AB51-513A9A0FD8CF}.Debug|iPhoneSimulator.Build.0 = Debug|Any CPU
		{54F3494E-7DC0-4348-AB51-513A9A0FD8CF}.Debug|iPhoneSimulator.Deploy.0 = Debug|Any CPU
		{54F3494E-7DC0-4348-AB51-513A9A0FD8CF}.Release|Any CPU.ActiveCfg = Release|Any CPU
		{54F3494E-7DC0-4348-AB51-513A9A0FD8CF}.Release|Any CPU.Build.0 = Release|Any CPU
		{54F3494E-7DC0-4348-AB51-513A9A0FD8CF}.Release|Any CPU.Deploy.0 = Release|Any CPU
		{54F3494E-7DC0-4348-AB51-513A9A0FD8CF}.Release|iPhone.ActiveCfg = Release|Any CPU
		{54F3494E-7DC0-4348-AB51-513A9A0FD8CF}.Release|iPhone.Build.0 = Release|Any CPU
		{54F3494E-7DC0-4348-AB51-513A9A0FD8CF}.Release|iPhone.Deploy.0 = Release|Any CPU
		{54F3494E-7DC0-4348-AB51-513A9A0FD8CF}.Release|iPhoneSimulator.ActiveCfg = Release|Any CPU
		{54F3494E-7DC0-4348-AB51-513A9A0FD8CF}.Release|iPhoneSimulator.Build.0 = Release|Any CPU
		{54F3494E-7DC0-4348-AB51-513A9A0FD8CF}.Release|iPhoneSimulator.Deploy.0 = Release|Any CPU
	EndGlobalSection
	GlobalSection(SolutionProperties) = preSolution
		HideSolutionNode = FALSE
	EndGlobalSection
	GlobalSection(ExtensibilityGlobals) = postSolution
		SolutionGuid = {AEFED3EA-E889-4E6C-8302-5AB24FAB56C8}
	EndGlobalSection
EndGlobal
